
Microsoft Visual Studio Solution File, Format Version 12.00
# Visual Studio Version 17
VisualStudioVersion = 17.3.32922.545
MinimumVisualStudioVersion = 10.0.40219.1
Project("{FAE04EC0-301F-11D3-BF4B-00C04F79EFBC}") = "MyVetAppointment.API", "MyVetAppointment.API\MyVetAppointment.API.csproj", "{D02E1BEF-18AA-4275-A181-99E97E3947F3}"
EndProject
Global
	GlobalSection(SolutionConfigurationPlatforms) = preSolution
		Debug|Any CPU = Debug|Any CPU
		Release|Any CPU = Release|Any CPU
	EndGlobalSection
	GlobalSection(ProjectConfigurationPlatforms) = postSolution
		{D02E1BEF-18AA-4275-A181-99E97E3947F3}.Debug|Any CPU.ActiveCfg = Debug|Any CPU
		{D02E1BEF-18AA-4275-A181-99E97E3947F3}.Debug|Any CPU.Build.0 = Debug|Any CPU
		{D02E1BEF-18AA-4275-A181-99E97E3947F3}.Release|Any CPU.ActiveCfg = Release|Any CPU
		{D02E1BEF-18AA-4275-A181-99E97E3947F3}.Release|Any CPU.Build.0 = Release|Any CPU
	EndGlobalSection
	GlobalSection(SolutionProperties) = preSolution
		HideSolutionNode = FALSE
	EndGlobalSection
	GlobalSection(ExtensibilityGlobals) = postSolution
		SolutionGuid = {F3C26093-45D9-4BC1-B0D5-B09BECA4FB8C}
	EndGlobalSection
EndGlobal
